
Microsoft Visual Studio Solution File, Format Version 12.00
# Visual Studio Version 17
VisualStudioVersion = 17.8.34316.72
MinimumVisualStudioVersion = 10.0.40219.1
Project("{FAE04EC0-301F-11D3-BF4B-00C04F79EFBC}") = "APIMinima", "APIMinima\APIMinima.csproj", "{71D2BE49-8710-4AB5-B4E5-60A6F292C472}"
EndProject
Global
	GlobalSection(SolutionConfigurationPlatforms) = preSolution
		Debug|Any CPU = Debug|Any CPU
		Release|Any CPU = Release|Any CPU
	EndGlobalSection
	GlobalSection(ProjectConfigurationPlatforms) = postSolution
		{71D2BE49-8710-4AB5-B4E5-60A6F292C472}.Debug|Any CPU.ActiveCfg = Debug|Any CPU
		{71D2BE49-8710-4AB5-B4E5-60A6F292C472}.Debug|Any CPU.Build.0 = Debug|Any CPU
		{71D2BE49-8710-4AB5-B4E5-60A6F292C472}.Release|Any CPU.ActiveCfg = Release|Any CPU
		{71D2BE49-8710-4AB5-B4E5-60A6F292C472}.Release|Any CPU.Build.0 = Release|Any CPU
	EndGlobalSection
	GlobalSection(SolutionProperties) = preSolution
		HideSolutionNode = FALSE
	EndGlobalSection
	GlobalSection(ExtensibilityGlobals) = postSolution
		SolutionGuid = {03D84809-3A6E-4C85-B88A-7DE3DBF9A778}
	EndGlobalSection
EndGlobal
